
Microsoft Visual Studio Solution File, Format Version 12.00
# Visual Studio 15
Project("{FAE04EC0-301F-11D3-BF4B-00C04F79EFBC}") = "Assembly-CSharp", "Assembly-CSharp.csproj", "{DCF08468-796D-E674-03FB-1CF8F70B42CC}"
EndProject
Project("{FAE04EC0-301F-11D3-BF4B-00C04F79EFBC}") = "Assembly-CSharp-Editor", "Assembly-CSharp-Editor.csproj", "{D162D275-5E5A-7D44-CCC3-5031C9892F31}"
EndProject
Global
	GlobalSection(SolutionConfigurationPlatforms) = preSolution
		Debug|Any CPU = Debug|Any CPU
		Release|Any CPU = Release|Any CPU
	EndGlobalSection
	GlobalSection(ProjectConfigurationPlatforms) = postSolution
		{DCF08468-796D-E674-03FB-1CF8F70B42CC}.Debug|Any CPU.ActiveCfg = Debug|Any CPU
		{DCF08468-796D-E674-03FB-1CF8F70B42CC}.Debug|Any CPU.Build.0 = Debug|Any CPU
		{DCF08468-796D-E674-03FB-1CF8F70B42CC}.Release|Any CPU.ActiveCfg = Release|Any CPU
		{DCF08468-796D-E674-03FB-1CF8F70B42CC}.Release|Any CPU.Build.0 = Release|Any CPU
		{D162D275-5E5A-7D44-CCC3-5031C9892F31}.Debug|Any CPU.ActiveCfg = Debug|Any CPU
		{D162D275-5E5A-7D44-CCC3-5031C9892F31}.Debug|Any CPU.Build.0 = Debug|Any CPU
		{D162D275-5E5A-7D44-CCC3-5031C9892F31}.Release|Any CPU.ActiveCfg = Release|Any CPU
		{D162D275-5E5A-7D44-CCC3-5031C9892F31}.Release|Any CPU.Build.0 = Release|Any CPU
	EndGlobalSection
	GlobalSection(SolutionProperties) = preSolution
		HideSolutionNode = FALSE
	EndGlobalSection
EndGlobal
